{
  "name": "screen-switcher",
  "lockfileVersion": 3,
  "requires": true,
  "packages": {
    "": {
      "name": "screen-switcher",
      "workspaces": [
        "apps/web"
      ],
      "engines": {
        "node": ">=22"
      }
    },
    "apps/web": {
      "name": "@screen-switcher/web",
      "version": "0.1.0"
    },
    "node_modules/@screen-switcher/web": {
      "resolved": "apps/web",
      "link": true
    }
  }
}
